// !$*UTF8*$!
{
	archiveVersion = 1;
	classes = {
	};
	objectVersion = 46;
	objects = {

/* Begin PBXBuildFile section */
		2342415D1C385781004A3028 /* Foundation.framework in Frameworks */ = {isa = PBXBuildFile; fileRef = 2342415C1C385781004A3028 /* Foundation.framework */; };
		2342415F1C3857BF004A3028 /* UIKit.framework in Frameworks */ = {isa = PBXBuildFile; fileRef = 2342415E1C3857BF004A3028 /* UIKit.framework */; };
		234241611C3857E6004A3028 /* CoreGraphics.framework in Frameworks */ = {isa = PBXBuildFile; fileRef = 234241601C3857E6004A3028 /* CoreGraphics.framework */; };
		23C716601C3874D80012430C /* Main.storyboard in Resources */ = {isa = PBXBuildFile; fileRef = 23C7165F1C3874D80012430C /* Main.storyboard */; };
		5D1F1BF41B0C1E7700B6EAE7 /* AVFoundation.framework in Frameworks */ = {isa = PBXBuildFile; fileRef = 5D1F1BF31B0C1E7700B6EAE7 /* AVFoundation.framework */; };
		5D545F711B094E160005E959 /* main.m in Sources */ = {isa = PBXBuildFile; fileRef = 5D545F701B094E160005E959 /* main.m */; };
		5D545F741B094E170005E959 /* AppDelegate.m in Sources */ = {isa = PBXBuildFile; fileRef = 5D545F731B094E170005E959 /* AppDelegate.m */; };
		5D545F771B094E170005E959 /* ViewController.m in Sources */ = {isa = PBXBuildFile; fileRef = 5D545F761B094E170005E959 /* ViewController.m */; };
		5D545F7C1B094E170005E959 /* Images.xcassets in Resources */ = {isa = PBXBuildFile; fileRef = 5D545F7B1B094E170005E959 /* Images.xcassets */; };
		5D94FB701C8B5F59005CD9F3 /* Default.png in Resources */ = {isa = PBXBuildFile; fileRef = 5D94FB6E1C8B5F59005CD9F3 /* Default.png */; };
		5D94FB711C8B5F59005CD9F3 /* Default@2x.png in Resources */ = {isa = PBXBuildFile; fileRef = 5D94FB6F1C8B5F59005CD9F3 /* Default@2x.png */; };
		5DCA89361B12416800A07AAB /* PlotView.m in Sources */ = {isa = PBXBuildFile; fileRef = 5DCA89351B12416800A07AAB /* PlotView.m */; };
		5DF2E75C1B1E908E00A2469D /* waveFile.c in Sources */ = {isa = PBXBuildFile; fileRef = 5DF2E75A1B1E908E00A2469D /* waveFile.c */; };
		5DF836361C8FBC06009D28EA /* Default-568h@2x.png in Resources */ = {isa = PBXBuildFile; fileRef = 5DF836351C8FBC06009D28EA /* Default-568h@2x.png */; };
/* End PBXBuildFile section */

/* Begin PBXFileReference section */
		2342415C1C385781004A3028 /* Foundation.framework */ = {isa = PBXFileReference; lastKnownFileType = wrapper.framework; name = Foundation.framework; path = System/Library/Frameworks/Foundation.framework; sourceTree = SDKROOT; };
		2342415E1C3857BF004A3028 /* UIKit.framework */ = {isa = PBXFileReference; lastKnownFileType = wrapper.framework; name = UIKit.framework; path = System/Library/Frameworks/UIKit.framework; sourceTree = SDKROOT; };
		234241601C3857E6004A3028 /* CoreGraphics.framework */ = {isa = PBXFileReference; lastKnownFileType = wrapper.framework; name = CoreGraphics.framework; path = System/Library/Frameworks/CoreGraphics.framework; sourceTree = SDKROOT; };
		23C7165F1C3874D80012430C /* Main.storyboard */ = {isa = PBXFileReference; fileEncoding = 4; lastKnownFileType = file.storyboard; path = Main.storyboard; sourceTree = "<group>"; };
		5D1F1BF31B0C1E7700B6EAE7 /* AVFoundation.framework */ = {isa = PBXFileReference; lastKnownFileType = wrapper.framework; name = AVFoundation.framework; path = System/Library/Frameworks/AVFoundation.framework; sourceTree = SDKROOT; };
		5D545F6B1B094E160005E959 /* ImpBridge.app */ = {isa = PBXFileReference; explicitFileType = wrapper.application; includeInIndex = 0; path = ImpBridge.app; sourceTree = BUILT_PRODUCTS_DIR; };
		5D545F6F1B094E160005E959 /* Info.plist */ = {isa = PBXFileReference; lastKnownFileType = text.plist.xml; path = Info.plist; sourceTree = "<group>"; };
		5D545F701B094E160005E959 /* main.m */ = {isa = PBXFileReference; lastKnownFileType = sourcecode.c.objc; path = main.m; sourceTree = "<group>"; };
		5D545F721B094E170005E959 /* AppDelegate.h */ = {isa = PBXFileReference; lastKnownFileType = sourcecode.c.h; path = AppDelegate.h; sourceTree = "<group>"; };
		5D545F731B094E170005E959 /* AppDelegate.m */ = {isa = PBXFileReference; lastKnownFileType = sourcecode.c.objc; path = AppDelegate.m; sourceTree = "<group>"; };
		5D545F751B094E170005E959 /* ViewController.h */ = {isa = PBXFileReference; lastKnownFileType = sourcecode.c.h; path = ViewController.h; sourceTree = "<group>"; };
		5D545F761B094E170005E959 /* ViewController.m */ = {isa = PBXFileReference; lastKnownFileType = sourcecode.c.objc; path = ViewController.m; sourceTree = "<group>"; };
		5D545F7B1B094E170005E959 /* Images.xcassets */ = {isa = PBXFileReference; lastKnownFileType = folder.assetcatalog; path = Images.xcassets; sourceTree = "<group>"; };
		5D545F891B094E170005E959 /* Info.plist */ = {isa = PBXFileReference; lastKnownFileType = text.plist.xml; path = Info.plist; sourceTree = "<group>"; };
		5D545F8A1B094E170005E959 /* ImpBridgeTests.m */ = {isa = PBXFileReference; lastKnownFileType = sourcecode.c.objc; path = ImpBridgeTests.m; sourceTree = "<group>"; };
		5D94FB6E1C8B5F59005CD9F3 /* Default.png */ = {isa = PBXFileReference; lastKnownFileType = image.png; path = Default.png; sourceTree = "<group>"; };
		5D94FB6F1C8B5F59005CD9F3 /* Default@2x.png */ = {isa = PBXFileReference; lastKnownFileType = image.png; path = "Default@2x.png"; sourceTree = "<group>"; };
		5DCA89341B12416800A07AAB /* PlotView.h */ = {isa = PBXFileReference; fileEncoding = 4; lastKnownFileType = sourcecode.c.h; path = PlotView.h; sourceTree = "<group>"; };
		5DCA89351B12416800A07AAB /* PlotView.m */ = {isa = PBXFileReference; fileEncoding = 4; lastKnownFileType = sourcecode.c.objc; path = PlotView.m; sourceTree = "<group>"; };
		5DF2E75A1B1E908E00A2469D /* waveFile.c */ = {isa = PBXFileReference; fileEncoding = 4; lastKnownFileType = sourcecode.c.c; path = waveFile.c; sourceTree = "<group>"; };
		5DF2E75B1B1E908E00A2469D /* waveFile.h */ = {isa = PBXFileReference; fileEncoding = 4; lastKnownFileType = sourcecode.c.h; path = waveFile.h; sourceTree = "<group>"; };
		5DF836351C8FBC06009D28EA /* Default-568h@2x.png */ = {isa = PBXFileReference; lastKnownFileType = image.png; path = "Default-568h@2x.png"; sourceTree = "<group>"; };
/* End PBXFileReference section */

/* Begin PBXFrameworksBuildPhase section */
		5D545F681B094E160005E959 /* Frameworks */ = {
			isa = PBXFrameworksBuildPhase;
			buildActionMask = 2147483647;
			files = (
				234241611C3857E6004A3028 /* CoreGraphics.framework in Frameworks */,
				2342415F1C3857BF004A3028 /* UIKit.framework in Frameworks */,
				2342415D1C385781004A3028 /* Foundation.framework in Frameworks */,
				5D1F1BF41B0C1E7700B6EAE7 /* AVFoundation.framework in Frameworks */,
			);
			runOnlyForDeploymentPostprocessing = 0;
		};
/* End PBXFrameworksBuildPhase section */

/* Begin PBXGroup section */
		5D545F621B094E160005E959 = {
			isa = PBXGroup;
			children = (
				5DF836351C8FBC06009D28EA /* Default-568h@2x.png */,
				5D94FB6E1C8B5F59005CD9F3 /* Default.png */,
				5D94FB6F1C8B5F59005CD9F3 /* Default@2x.png */,
				234241601C3857E6004A3028 /* CoreGraphics.framework */,
				2342415E1C3857BF004A3028 /* UIKit.framework */,
				2342415C1C385781004A3028 /* Foundation.framework */,
				5D1F1BF31B0C1E7700B6EAE7 /* AVFoundation.framework */,
				5D545F6D1B094E160005E959 /* ImpBridge */,
				5D545F871B094E170005E959 /* ImpBridgeTests */,
				5D545F6C1B094E160005E959 /* Products */,
			);
			sourceTree = "<group>";
		};
		5D545F6C1B094E160005E959 /* Products */ = {
			isa = PBXGroup;
			children = (
				5D545F6B1B094E160005E959 /* ImpBridge.app */,
			);
			name = Products;
			sourceTree = "<group>";
		};
		5D545F6D1B094E160005E959 /* ImpBridge */ = {
			isa = PBXGroup;
			children = (
				5DF2E75A1B1E908E00A2469D /* waveFile.c */,
				5DF2E75B1B1E908E00A2469D /* waveFile.h */,
				5D545F721B094E170005E959 /* AppDelegate.h */,
				5D545F731B094E170005E959 /* AppDelegate.m */,
				5D545F751B094E170005E959 /* ViewController.h */,
				5D545F761B094E170005E959 /* ViewController.m */,
				5DCA89341B12416800A07AAB /* PlotView.h */,
				5DCA89351B12416800A07AAB /* PlotView.m */,
				23C7165F1C3874D80012430C /* Main.storyboard */,
				5D545F7B1B094E170005E959 /* Images.xcassets */,
				5D545F6E1B094E160005E959 /* Supporting Files */,
			);
			path = ImpBridge;
			sourceTree = "<group>";
		};
		5D545F6E1B094E160005E959 /* Supporting Files */ = {
			isa = PBXGroup;
			children = (
				5D545F6F1B094E160005E959 /* Info.plist */,
				5D545F701B094E160005E959 /* main.m */,
			);
			name = "Supporting Files";
			sourceTree = "<group>";
		};
		5D545F871B094E170005E959 /* ImpBridgeTests */ = {
			isa = PBXGroup;
			children = (
				5D545F8A1B094E170005E959 /* ImpBridgeTests.m */,
				5D545F881B094E170005E959 /* Supporting Files */,
			);
			path = ImpBridgeTests;
			sourceTree = "<group>";
		};
		5D545F881B094E170005E959 /* Supporting Files */ = {
			isa = PBXGroup;
			children = (
				5D545F891B094E170005E959 /* Info.plist */,
			);
			name = "Supporting Files";
			sourceTree = "<group>";
		};
/* End PBXGroup section */

/* Begin PBXNativeTarget section */
		5D545F6A1B094E160005E959 /* ImpBridge */ = {
			isa = PBXNativeTarget;
			buildConfigurationList = 5D545F8E1B094E170005E959 /* Build configuration list for PBXNativeTarget "ImpBridge" */;
			buildPhases = (
				5D545F671B094E160005E959 /* Sources */,
				5D545F681B094E160005E959 /* Frameworks */,
				5D545F691B094E160005E959 /* Resources */,
			);
			buildRules = (
			);
			dependencies = (
			);
			name = ImpBridge;
			productName = ImpBridge;
			productReference = 5D545F6B1B094E160005E959 /* ImpBridge.app */;
			productType = "com.apple.product-type.application";
		};
/* End PBXNativeTarget section */

/* Begin PBXProject section */
		5D545F631B094E160005E959 /* Project object */ = {
			isa = PBXProject;
			attributes = {
				LastUpgradeCheck = 0720;
				ORGANIZATIONNAME = "Quantum Design, Inc.";
				TargetAttributes = {
					5D545F6A1B094E160005E959 = {
						CreatedOnToolsVersion = 6.3.1;
						DevelopmentTeam = UA65ZDDC7A;
					};
				};
			};
			buildConfigurationList = 5D545F661B094E160005E959 /* Build configuration list for PBXProject "ImpBridge" */;
			compatibilityVersion = "Xcode 3.2";
			developmentRegion = English;
			hasScannedForEncodings = 0;
			knownRegions = (
				en,
				Base,
			);
			mainGroup = 5D545F621B094E160005E959;
			productRefGroup = 5D545F6C1B094E160005E959 /* Products */;
			projectDirPath = "";
			projectRoot = "";
			targets = (
				5D545F6A1B094E160005E959 /* ImpBridge */,
			);
		};
/* End PBXProject section */

/* Begin PBXResourcesBuildPhase section */
		5D545F691B094E160005E959 /* Resources */ = {
			isa = PBXResourcesBuildPhase;
			buildActionMask = 2147483647;
			files = (
				5D94FB711C8B5F59005CD9F3 /* Default@2x.png in Resources */,
				5D545F7C1B094E170005E959 /* Images.xcassets in Resources */,
				5D94FB701C8B5F59005CD9F3 /* Default.png in Resources */,
				5DF836361C8FBC06009D28EA /* Default-568h@2x.png in Resources */,
				23C716601C3874D80012430C /* Main.storyboard in Resources */,
			);
			runOnlyForDeploymentPostprocessing = 0;
		};
/* End PBXResourcesBuildPhase section */

/* Begin PBXSourcesBuildPhase section */
		5D545F671B094E160005E959 /* Sources */ = {
			isa = PBXSourcesBuildPhase;
			buildActionMask = 2147483647;
			files = (
				5D545F771B094E170005E959 /* ViewController.m in Sources */,
				5D545F741B094E170005E959 /* AppDelegate.m in Sources */,
				5D545F711B094E160005E959 /* main.m in Sources */,
				5DF2E75C1B1E908E00A2469D /* waveFile.c in Sources */,
				5DCA89361B12416800A07AAB /* PlotView.m in Sources */,
			);
			runOnlyForDeploymentPostprocessing = 0;
		};
/* End PBXSourcesBuildPhase section */

/* Begin XCBuildConfiguration section */
		5D545F8C1B094E170005E959 /* Debug */ = {
			isa = XCBuildConfiguration;
			buildSettings = {
				ALWAYS_SEARCH_USER_PATHS = NO;
				CLANG_CXX_LANGUAGE_STANDARD = "gnu++0x";
				CLANG_CXX_LIBRARY = "libc++";
				CLANG_ENABLE_MODULES = YES;
				CLANG_ENABLE_OBJC_ARC = YES;
				CLANG_WARN_BOOL_CONVERSION = YES;
				CLANG_WARN_CONSTANT_CONVERSION = YES;
				CLANG_WARN_DIRECT_OBJC_ISA_USAGE = YES_ERROR;
				CLANG_WARN_EMPTY_BODY = YES;
				CLANG_WARN_ENUM_CONVERSION = YES;
				CLANG_WARN_INT_CONVERSION = YES;
				CLANG_WARN_OBJC_ROOT_CLASS = YES_ERROR;
				CLANG_WARN_UNREACHABLE_CODE = YES;
				CLANG_WARN__DUPLICATE_METHOD_MATCH = YES;
				"CODE_SIGN_IDENTITY[sdk=iphoneos*]" = "iPhone Developer";
				COPY_PHASE_STRIP = NO;
				DEBUG_INFORMATION_FORMAT = "dwarf-with-dsym";
				ENABLE_STRICT_OBJC_MSGSEND = YES;
				ENABLE_TESTABILITY = YES;
				GCC_C_LANGUAGE_STANDARD = gnu99;
				GCC_DYNAMIC_NO_PIC = NO;
				GCC_NO_COMMON_BLOCKS = YES;
				GCC_OPTIMIZATION_LEVEL = 0;
				GCC_PREPROCESSOR_DEFINITIONS = (
					"DEBUG=1",
					"$(inherited)",
				);
				GCC_SYMBOLS_PRIVATE_EXTERN = NO;
				GCC_WARN_64_TO_32_BIT_CONVERSION = YES;
				GCC_WARN_ABOUT_RETURN_TYPE = YES_ERROR;
				GCC_WARN_UNDECLARED_SELECTOR = YES;
				GCC_WARN_UNINITIALIZED_AUTOS = YES_AGGRESSIVE;
				GCC_WARN_UNUSED_FUNCTION = YES;
				GCC_WARN_UNUSED_VARIABLE = YES;
				IPHONEOS_DEPLOYMENT_TARGET = 6.1;
				MTL_ENABLE_DEBUG_INFO = YES;
				ONLY_ACTIVE_ARCH = YES;
				SDKROOT = iphoneos;
				TARGETED_DEVICE_FAMILY = "1,2";
			};
			name = Debug;
		};
		5D545F8D1B094E170005E959 /* Release */ = {
			isa = XCBuildConfiguration;
			buildSettings = {
				ALWAYS_SEARCH_USER_PATHS = NO;
				CLANG_CXX_LANGUAGE_STANDARD = "gnu++0x";
				CLANG_CXX_LIBRARY = "libc++";
				CLANG_ENABLE_MODULES = YES;
				CLANG_ENABLE_OBJC_ARC = YES;
				CLANG_WARN_BOOL_CONVERSION = YES;
				CLANG_WARN_CONSTANT_CONVERSION = YES;
				CLANG_WARN_DIRECT_OBJC_ISA_USAGE = YES_ERROR;
				CLANG_WARN_EMPTY_BODY = YES;
				CLANG_WARN_ENUM_CONVERSION = YES;
				CLANG_WARN_INT_CONVERSION = YES;
				CLANG_WARN_OBJC_ROOT_CLASS = YES_ERROR;
				CLANG_WARN_UNREACHABLE_CODE = YES;
				CLANG_WARN__DUPLICATE_METHOD_MATCH = YES;
				"CODE_SIGN_IDENTITY[sdk=iphoneos*]" = "iPhone Developer";
				COPY_PHASE_STRIP = NO;
				DEBUG_INFORMATION_FORMAT = "dwarf-with-dsym";
				ENABLE_NS_ASSERTIONS = NO;
				ENABLE_STRICT_OBJC_MSGSEND = YES;
				GCC_C_LANGUAGE_STANDARD = gnu99;
				GCC_NO_COMMON_BLOCKS = YES;
				GCC_WARN_64_TO_32_BIT_CONVERSION = YES;
				GCC_WARN_ABOUT_RETURN_TYPE = YES_ERROR;
				GCC_WARN_UNDECLARED_SELECTOR = YES;
				GCC_WARN_UNINITIALIZED_AUTOS = YES_AGGRESSIVE;
				GCC_WARN_UNUSED_FUNCTION = YES;
				GCC_WARN_UNUSED_VARIABLE = YES;
				IPHONEOS_DEPLOYMENT_TARGET = 6.1;
				MTL_ENABLE_DEBUG_INFO = NO;
				SDKROOT = iphoneos;
				TARGETED_DEVICE_FAMILY = "1,2";
				VALIDATE_PRODUCT = YES;
			};
			name = Release;
		};
		5D545F8F1B094E170005E959 /* Debug */ = {
			isa = XCBuildConfiguration;
			buildSettings = {
				ASSETCATALOG_COMPILER_APPICON_NAME = AppIcon;
				CODE_SIGN_IDENTITY = "iPhone Developer";
				INFOPLIST_FILE = ImpBridge/Info.plist;
				IPHONEOS_DEPLOYMENT_TARGET = 6.1;
				LD_RUNPATH_SEARCH_PATHS = "$(inherited) @executable_path/Frameworks";
				PRODUCT_BUNDLE_IDENTIFIER = "com.qdusa.$(PRODUCT_NAME:rfc1034identifier)";
				PRODUCT_NAME = "$(TARGET_NAME)";
				TARGETED_DEVICE_FAMILY = 1;
			};
			name = Debug;
		};
		5D545F901B094E170005E959 /* Release */ = {
			isa = XCBuildConfiguration;
			buildSettings = {
				ASSETCATALOG_COMPILER_APPICON_NAME = AppIcon;
				CODE_SIGN_IDENTITY = "iPhone Developer";
				INFOPLIST_FILE = ImpBridge/Info.plist;
				IPHONEOS_DEPLOYMENT_TARGET = 6.1;
				LD_RUNPATH_SEARCH_PATHS = "$(inherited) @executable_path/Frameworks";
				PRODUCT_BUNDLE_IDENTIFIER = "com.qdusa.$(PRODUCT_NAME:rfc1034identifier)";
				PRODUCT_NAME = "$(TARGET_NAME)";
				TARGETED_DEVICE_FAMILY = 1;
			};
			name = Release;
		};
/* End XCBuildConfiguration section */

/* Begin XCConfigurationList section */
		5D545F661B094E160005E959 /* Build configuration list for PBXProject "ImpBridge" */ = {
			isa = XCConfigurationList;
			buildConfigurations = (
				5D545F8C1B094E170005E959 /* Debug */,
				5D545F8D1B094E170005E959 /* Release */,
			);
			defaultConfigurationIsVisible = 0;
			defaultConfigurationName = Release;
		};
		5D545F8E1B094E170005E959 /* Build configuration list for PBXNativeTarget "ImpBridge" */ = {
			isa = XCConfigurationList;
			buildConfigurations = (
				5D545F8F1B094E170005E959 /* Debug */,
				5D545F901B094E170005E959 /* Release */,
			);
			defaultConfigurationIsVisible = 0;
			defaultConfigurationName = Release;
		};
/* End XCConfigurationList section */
	};
	rootObject = 5D545F631B094E160005E959 /* Project object */;
}
